
Microsoft Visual Studio Solution File, Format Version 12.00
# Visual Studio Version 17
VisualStudioVersion = 17.9.34622.214
MinimumVisualStudioVersion = 10.0.40219.1
Project("{9A19103F-16F7-4668-BE54-9A1E7A4F7556}") = "VBank_ControlPanel", "VBank_ControlPanel\VBank_ControlPanel.csproj", "{CE15773E-802C-4441-B520-329D037FD629}"
EndProject
Global
	GlobalSection(SolutionConfigurationPlatforms) = preSolution
		Debug|Any CPU = Debug|Any CPU
		Release|Any CPU = Release|Any CPU
	EndGlobalSection
	GlobalSection(ProjectConfigurationPlatforms) = postSolution
		{CE15773E-802C-4441-B520-329D037FD629}.Debug|Any CPU.ActiveCfg = Debug|Any CPU
		{CE15773E-802C-4441-B520-329D037FD629}.Debug|Any CPU.Build.0 = Debug|Any CPU
		{CE15773E-802C-4441-B520-329D037FD629}.Release|Any CPU.ActiveCfg = Release|Any CPU
		{CE15773E-802C-4441-B520-329D037FD629}.Release|Any CPU.Build.0 = Release|Any CPU
	EndGlobalSection
	GlobalSection(SolutionProperties) = preSolution
		HideSolutionNode = FALSE
	EndGlobalSection
	GlobalSection(ExtensibilityGlobals) = postSolution
		SolutionGuid = {50447541-8DAB-4644-98AE-7061C38DDABE}
	EndGlobalSection
EndGlobal
